
Microsoft Visual Studio Solution File, Format Version 12.00
# Visual Studio Version 17
VisualStudioVersion = 17.11.35312.102
MinimumVisualStudioVersion = 10.0.40219.1
Project("{FAE04EC0-301F-11D3-BF4B-00C04F79EFBC}") = "TrackEd", "TrackEd\TrackEd.csproj", "{DF76F690-AB26-4ED9-BF8F-FEEC6F8541EE}"
EndProject
Global
	GlobalSection(SolutionConfigurationPlatforms) = preSolution
		Debug|Any CPU = Debug|Any CPU
		Release|Any CPU = Release|Any CPU
	EndGlobalSection
	GlobalSection(ProjectConfigurationPlatforms) = postSolution
		{DF76F690-AB26-4ED9-BF8F-FEEC6F8541EE}.Debug|Any CPU.ActiveCfg = Debug|Any CPU
		{DF76F690-AB26-4ED9-BF8F-FEEC6F8541EE}.Debug|Any CPU.Build.0 = Debug|Any CPU
		{DF76F690-AB26-4ED9-BF8F-FEEC6F8541EE}.Release|Any CPU.ActiveCfg = Release|Any CPU
		{DF76F690-AB26-4ED9-BF8F-FEEC6F8541EE}.Release|Any CPU.Build.0 = Release|Any CPU
	EndGlobalSection
	GlobalSection(SolutionProperties) = preSolution
		HideSolutionNode = FALSE
	EndGlobalSection
	GlobalSection(ExtensibilityGlobals) = postSolution
		SolutionGuid = {3F96B3BF-7CC7-4790-92FC-E26889BBCD63}
	EndGlobalSection
EndGlobal
